
Microsoft Visual Studio Solution File, Format Version 12.00
# Visual Studio Version 17
VisualStudioVersion = 17.5.33516.290
MinimumVisualStudioVersion = 10.0.40219.1
Project("{D954291E-2A0B-460D-934E-DC6B0785DB48}") = "Innofactor.Xrm.Utils.Common", "Innofactor.Xrm.Utils.Common\Innofactor.Xrm.Utils.Common.shproj", "{6B4F59AE-7903-47B0-B888-B7B2EAD40B2C}"
EndProject
Project("{D954291E-2A0B-460D-934E-DC6B0785DB48}") = "Innofactor.Xrm.Utils.Workflow", "Innofactor.Xrm.Utils.Workflow\Innofactor.Xrm.Utils.Workflow.shproj", "{757D7E0D-BCBB-4773-A06C-DD27904B939B}"
EndProject
Project("{D954291E-2A0B-460D-934E-DC6B0785DB48}") = "Innofactor.Xrm.Utils.Plugin", "Innofactor.Xrm.Utils.Plugin\Innofactor.Xrm.Utils.Plugin.shproj", "{5878BE73-CF3F-4946-AB03-C3B1039E3A62}"
EndProject
Global
	GlobalSection(SolutionConfigurationPlatforms) = preSolution
		Debug|Any CPU = Debug|Any CPU
		Release|Any CPU = Release|Any CPU
	EndGlobalSection
	GlobalSection(SolutionProperties) = preSolution
		HideSolutionNode = FALSE
	EndGlobalSection
	GlobalSection(ExtensibilityGlobals) = postSolution
		SolutionGuid = {4140B535-38DA-49CD-A964-7847AE19E738}
	EndGlobalSection
	GlobalSection(SharedMSBuildProjectFiles) = preSolution
		Innofactor.Xrm.Utils.Plugin\Innofactor.Xrm.Utils.Plugin.projitems*{5878be73-cf3f-4946-ab03-c3b1039e3a62}*SharedItemsImports = 13
		Innofactor.Xrm.Utils.Common\Innofactor.Xrm.Utils.Common.projitems*{6b4f59ae-7903-47b0-b888-b7b2ead40b2c}*SharedItemsImports = 13
		Innofactor.Xrm.Utils.Workflow\Innofactor.Xrm.Utils.Workflow.projitems*{757d7e0d-bcbb-4773-a06c-dd27904b939b}*SharedItemsImports = 13
	EndGlobalSection
EndGlobal
